
Microsoft Visual Studio Solution File, Format Version 12.00
# Visual Studio Version 17
VisualStudioVersion = 17.14.36203.30
MinimumVisualStudioVersion = 10.0.40219.1
Project("{2150E333-8FDC-42A3-9474-1A3956D46DE8}") = "FrontEnd", "FrontEnd", "{02EA681E-C7D8-13C7-8484-4AC65E1B71E8}"
EndProject
Project("{2150E333-8FDC-42A3-9474-1A3956D46DE8}") = "Gateway", "Gateway", "{CC0A9B38-A426-4706-B243-F32CBCD6AB85}"
EndProject
Project("{2150E333-8FDC-42A3-9474-1A3956D46DE8}") = "Integration", "Integration", "{DEC0BF2E-B59D-4275-9791-A9368A82131E}"
EndProject
Project("{2150E333-8FDC-42A3-9474-1A3956D46DE8}") = "Services", "Services", "{23BE8BF1-AA27-4915-96DC-8650D11BDDE9}"
EndProject
Project("{FAE04EC0-301F-11D3-BF4B-00C04F79EFBC}") = "Mango.Services.CouponAPI", "Mango.Services.CouponAPI\Mango.Services.CouponAPI.csproj", "{B2EBFD98-D0B3-46CF-AA10-ECD97E9F67FE}"
EndProject
Project("{FAE04EC0-301F-11D3-BF4B-00C04F79EFBC}") = "Mango.Web", "Mango.Web\Mango.Web.csproj", "{AC6C84C2-0714-48C2-8638-7B4ADDCAF9DE}"
EndProject
Project("{FAE04EC0-301F-11D3-BF4B-00C04F79EFBC}") = "Mango.Services.AuthAPI", "Mango.Services.AuthAPI\Mango.Services.AuthAPI.csproj", "{F9FB148A-A6AF-492A-9A9D-A764139E8BD4}"
EndProject
Project("{FAE04EC0-301F-11D3-BF4B-00C04F79EFBC}") = "Mango.Services.ProductAPI", "Mango.Services.ProductAPI\Mango.Services.ProductAPI.csproj", "{6325B8BA-574E-47DE-809A-7681E8CC310F}"
EndProject
Project("{FAE04EC0-301F-11D3-BF4B-00C04F79EFBC}") = "Mango.Services.ShoppingCartAPI", "Mango.Services.ShoppingCartAPI\Mango.Services.ShoppingCartAPI.csproj", "{7FC8CDDB-FE0E-0D5C-323C-4B13E2D8B7ED}"
EndProject
Project("{FAE04EC0-301F-11D3-BF4B-00C04F79EFBC}") = "Mango.MessageBus", "Mango.MessageBus\Mango.MessageBus.csproj", "{1A5C874E-6929-4840-98D4-46BB8369D67D}"
EndProject
Project("{FAE04EC0-301F-11D3-BF4B-00C04F79EFBC}") = "Mango.Services.EmailAPI", "Mango.Services.EmailAPI\Mango.Services.EmailAPI.csproj", "{B446CD92-5DEC-42D6-8422-6C44B9D0450B}"
EndProject
Global
	GlobalSection(SolutionConfigurationPlatforms) = preSolution
		Debug|Any CPU = Debug|Any CPU
		Release|Any CPU = Release|Any CPU
	EndGlobalSection
	GlobalSection(ProjectConfigurationPlatforms) = postSolution
		{B2EBFD98-D0B3-46CF-AA10-ECD97E9F67FE}.Debug|Any CPU.ActiveCfg = Debug|Any CPU
		{B2EBFD98-D0B3-46CF-AA10-ECD97E9F67FE}.Debug|Any CPU.Build.0 = Debug|Any CPU
		{B2EBFD98-D0B3-46CF-AA10-ECD97E9F67FE}.Release|Any CPU.ActiveCfg = Release|Any CPU
		{B2EBFD98-D0B3-46CF-AA10-ECD97E9F67FE}.Release|Any CPU.Build.0 = Release|Any CPU
		{AC6C84C2-0714-48C2-8638-7B4ADDCAF9DE}.Debug|Any CPU.ActiveCfg = Debug|Any CPU
		{AC6C84C2-0714-48C2-8638-7B4ADDCAF9DE}.Debug|Any CPU.Build.0 = Debug|Any CPU
		{AC6C84C2-0714-48C2-8638-7B4ADDCAF9DE}.Release|Any CPU.ActiveCfg = Release|Any CPU
		{AC6C84C2-0714-48C2-8638-7B4ADDCAF9DE}.Release|Any CPU.Build.0 = Release|Any CPU
		{F9FB148A-A6AF-492A-9A9D-A764139E8BD4}.Debug|Any CPU.ActiveCfg = Debug|Any CPU
		{F9FB148A-A6AF-492A-9A9D-A764139E8BD4}.Debug|Any CPU.Build.0 = Debug|Any CPU
		{F9FB148A-A6AF-492A-9A9D-A764139E8BD4}.Release|Any CPU.ActiveCfg = Release|Any CPU
		{F9FB148A-A6AF-492A-9A9D-A764139E8BD4}.Release|Any CPU.Build.0 = Release|Any CPU
		{6325B8BA-574E-47DE-809A-7681E8CC310F}.Debug|Any CPU.ActiveCfg = Debug|Any CPU
		{6325B8BA-574E-47DE-809A-7681E8CC310F}.Debug|Any CPU.Build.0 = Debug|Any CPU
		{6325B8BA-574E-47DE-809A-7681E8CC310F}.Release|Any CPU.ActiveCfg = Release|Any CPU
		{6325B8BA-574E-47DE-809A-7681E8CC310F}.Release|Any CPU.Build.0 = Release|Any CPU
		{7FC8CDDB-FE0E-0D5C-323C-4B13E2D8B7ED}.Debug|Any CPU.ActiveCfg = Debug|Any CPU
		{7FC8CDDB-FE0E-0D5C-323C-4B13E2D8B7ED}.Debug|Any CPU.Build.0 = Debug|Any CPU
		{7FC8CDDB-FE0E-0D5C-323C-4B13E2D8B7ED}.Release|Any CPU.ActiveCfg = Release|Any CPU
		{7FC8CDDB-FE0E-0D5C-323C-4B13E2D8B7ED}.Release|Any CPU.Build.0 = Release|Any CPU
		{1A5C874E-6929-4840-98D4-46BB8369D67D}.Debug|Any CPU.ActiveCfg = Debug|Any CPU
		{1A5C874E-6929-4840-98D4-46BB8369D67D}.Debug|Any CPU.Build.0 = Debug|Any CPU
		{1A5C874E-6929-4840-98D4-46BB8369D67D}.Release|Any CPU.ActiveCfg = Release|Any CPU
		{1A5C874E-6929-4840-98D4-46BB8369D67D}.Release|Any CPU.Build.0 = Release|Any CPU
		{B446CD92-5DEC-42D6-8422-6C44B9D0450B}.Debug|Any CPU.ActiveCfg = Debug|Any CPU
		{B446CD92-5DEC-42D6-8422-6C44B9D0450B}.Debug|Any CPU.Build.0 = Debug|Any CPU
		{B446CD92-5DEC-42D6-8422-6C44B9D0450B}.Release|Any CPU.ActiveCfg = Release|Any CPU
		{B446CD92-5DEC-42D6-8422-6C44B9D0450B}.Release|Any CPU.Build.0 = Release|Any CPU
	EndGlobalSection
	GlobalSection(SolutionProperties) = preSolution
		HideSolutionNode = FALSE
	EndGlobalSection
	GlobalSection(NestedProjects) = preSolution
		{B2EBFD98-D0B3-46CF-AA10-ECD97E9F67FE} = {23BE8BF1-AA27-4915-96DC-8650D11BDDE9}
		{AC6C84C2-0714-48C2-8638-7B4ADDCAF9DE} = {02EA681E-C7D8-13C7-8484-4AC65E1B71E8}
		{F9FB148A-A6AF-492A-9A9D-A764139E8BD4} = {23BE8BF1-AA27-4915-96DC-8650D11BDDE9}
		{6325B8BA-574E-47DE-809A-7681E8CC310F} = {23BE8BF1-AA27-4915-96DC-8650D11BDDE9}
		{7FC8CDDB-FE0E-0D5C-323C-4B13E2D8B7ED} = {23BE8BF1-AA27-4915-96DC-8650D11BDDE9}
		{1A5C874E-6929-4840-98D4-46BB8369D67D} = {DEC0BF2E-B59D-4275-9791-A9368A82131E}
		{B446CD92-5DEC-42D6-8422-6C44B9D0450B} = {23BE8BF1-AA27-4915-96DC-8650D11BDDE9}
	EndGlobalSection
	GlobalSection(ExtensibilityGlobals) = postSolution
		SolutionGuid = {49E42481-5CE0-4516-A6A6-F9423A821739}
	EndGlobalSection
EndGlobal
